
Microsoft Visual Studio Solution File, Format Version 10.00
# Visual Studio 2008
Project("{8BC9CEB8-8B4A-11D0-8D11-00A0C91BC942}") = "CuttingSimulation_GPU", "CuttingSimulation_GPU\CuttingSimulation_GPU.vcproj", "{F546BF71-7488-460F-859E-39613B2F7A7E}"
EndProject
Global
	GlobalSection(SolutionConfigurationPlatforms) = preSolution
		Debug|Win32 = Debug|Win32
		Release|Win32 = Release|Win32
	EndGlobalSection
	GlobalSection(ProjectConfigurationPlatforms) = postSolution
		{F546BF71-7488-460F-859E-39613B2F7A7E}.Debug|Win32.ActiveCfg = Debug|Win32
		{F546BF71-7488-460F-859E-39613B2F7A7E}.Debug|Win32.Build.0 = Debug|Win32
		{F546BF71-7488-460F-859E-39613B2F7A7E}.Release|Win32.ActiveCfg = Release|Win32
		{F546BF71-7488-460F-859E-39613B2F7A7E}.Release|Win32.Build.0 = Release|Win32
	EndGlobalSection
	GlobalSection(SolutionProperties) = preSolution
		HideSolutionNode = FALSE
	EndGlobalSection
EndGlobal
